version = 1
revision = 2
requires-python = ">=3.11"

[[package]]
name = "pydantic-logfire"
version = "0.0.1"
source = { registry = "https://pypi.org/simple" }
sdist = { url = "https://files.pythonhosted.org/packages/39/05/7b8700df9f5e700f2b3f20f84760f87f7e4f3ade4ac4f9dcfe7448d718bd/pydantic_logfire-0.0.1.tar.gz", hash = "sha256:c2768ad3ab19d7916b64cd5f5c0d69054bc50db5a9852d1cafe699f275dbe56e", size = 1721, upload-time = "2024-04-26T08:43:18.059Z" }
wheels = [
    { url = "https://files.pythonhosted.org/packages/46/21/42ee7cf586c009f27e4e2d86b7ac085a71087d8ce85e3b2777ced5e86ab4/pydantic_logfire-0.0.1-py2.py3-none-any.whl", hash = "sha256:96f2561d1d480c5d21ec6e4d001a171b7d2965ef1e8b114b01ba5c04f6b7f5da", size = 2215, upload-time = "2024-04-26T08:43:17.089Z" },
]

[[package]]
name = "river"
version = "0.1.0"
source = { editable = "." }
dependencies = [
    { name = "pydantic-logfire" },
]

[package.metadata]
requires-dist = [{ name = "pydantic-logfire", specifier = ">=0.0.1" }]

[package.metadata.requires-dev]
dev = []
